// !$*UTF8*$!
{
	archiveVersion = 1;
	classes = {
	};
	objectVersion = 46;
	objects = {

/* Begin PBXBuildFile section */
		655C4C5F1FCDCACA00EE5EF8 /* AppDelegate.swift in Sources */ = {isa = PBXBuildFile; fileRef = 655C4C5E1FCDCACA00EE5EF8 /* AppDelegate.swift */; };
		655C4C611FCDCACA00EE5EF8 /* ViewController.swift in Sources */ = {isa = PBXBuildFile; fileRef = 655C4C601FCDCACA00EE5EF8 /* ViewController.swift */; };
		655C4C641FCDCACA00EE5EF8 /* Main.storyboard in Resources */ = {isa = PBXBuildFile; fileRef = 655C4C621FCDCACA00EE5EF8 /* Main.storyboard */; };
		655C4C661FCDCACA00EE5EF8 /* Assets.xcassets in Resources */ = {isa = PBXBuildFile; fileRef = 655C4C651FCDCACA00EE5EF8 /* Assets.xcassets */; };
		655C4C691FCDCACA00EE5EF8 /* LaunchScreen.storyboard in Resources */ = {isa = PBXBuildFile; fileRef = 655C4C671FCDCACA00EE5EF8 /* LaunchScreen.storyboard */; };
		655C4C741FCDCACA00EE5EF8 /* APIJSONTestTests.swift in Sources */ = {isa = PBXBuildFile; fileRef = 655C4C731FCDCACA00EE5EF8 /* APIJSONTestTests.swift */; };
		655C4C7F1FCDCACA00EE5EF8 /* APIJSONTestUITests.swift in Sources */ = {isa = PBXBuildFile; fileRef = 655C4C7E1FCDCACA00EE5EF8 /* APIJSONTestUITests.swift */; };
/* End PBXBuildFile section */

/* Begin PBXContainerItemProxy section */
		655C4C701FCDCACA00EE5EF8 /* PBXContainerItemProxy */ = {
			isa = PBXContainerItemProxy;
			containerPortal = 655C4C531FCDCACA00EE5EF8 /* Project object */;
			proxyType = 1;
			remoteGlobalIDString = 655C4C5A1FCDCACA00EE5EF8;
			remoteInfo = APIJSONTest;
		};
		655C4C7B1FCDCACA00EE5EF8 /* PBXContainerItemProxy */ = {
			isa = PBXContainerItemProxy;
			containerPortal = 655C4C531FCDCACA00EE5EF8 /* Project object */;
			proxyType = 1;
			remoteGlobalIDString = 655C4C5A1FCDCACA00EE5EF8;
			remoteInfo = APIJSONTest;
		};
/* End PBXContainerItemProxy section */

/* Begin PBXFileReference section */
		655C4C5B1FCDCACA00EE5EF8 /* APIJSONTest.app */ = {isa = PBXFileReference; explicitFileType = wrapper.application; includeInIndex = 0; path = APIJSONTest.app; sourceTree = BUILT_PRODUCTS_DIR; };
		655C4C5E1FCDCACA00EE5EF8 /* AppDelegate.swift */ = {isa = PBXFileReference; lastKnownFileType = sourcecode.swift; path = AppDelegate.swift; sourceTree = "<group>"; };
		655C4C601FCDCACA00EE5EF8 /* ViewController.swift */ = {isa = PBXFileReference; lastKnownFileType = sourcecode.swift; path = ViewController.swift; sourceTree = "<group>"; };
		655C4C631FCDCACA00EE5EF8 /* Base */ = {isa = PBXFileReference; lastKnownFileType = file.storyboard; name = Base; path = Base.lproj/Main.storyboard; sourceTree = "<group>"; };
		655C4C651FCDCACA00EE5EF8 /* Assets.xcassets */ = {isa = PBXFileReference; lastKnownFileType = folder.assetcatalog; path = Assets.xcassets; sourceTree = "<group>"; };
		655C4C681FCDCACA00EE5EF8 /* Base */ = {isa = PBXFileReference; lastKnownFileType = file.storyboard; name = Base; path = Base.lproj/LaunchScreen.storyboard; sourceTree = "<group>"; };
		655C4C6A1FCDCACA00EE5EF8 /* Info.plist */ = {isa = PBXFileReference; lastKnownFileType = text.plist.xml; path = Info.plist; sourceTree = "<group>"; };
		655C4C6F1FCDCACA00EE5EF8 /* APIJSONTestTests.xctest */ = {isa = PBXFileReference; explicitFileType = wrapper.cfbundle; includeInIndex = 0; path = APIJSONTestTests.xctest; sourceTree = BUILT_PRODUCTS_DIR; };
		655C4C731FCDCACA00EE5EF8 /* APIJSONTestTests.swift */ = {isa = PBXFileReference; lastKnownFileType = sourcecode.swift; path = APIJSONTestTests.swift; sourceTree = "<group>"; };
		655C4C751FCDCACA00EE5EF8 /* Info.plist */ = {isa = PBXFileReference; lastKnownFileType = text.plist.xml; path = Info.plist; sourceTree = "<group>"; };
		655C4C7A1FCDCACA00EE5EF8 /* APIJSONTestUITests.xctest */ = {isa = PBXFileReference; explicitFileType = wrapper.cfbundle; includeInIndex = 0; path = APIJSONTestUITests.xctest; sourceTree = BUILT_PRODUCTS_DIR; };
		655C4C7E1FCDCACA00EE5EF8 /* APIJSONTestUITests.swift */ = {isa = PBXFileReference; lastKnownFileType = sourcecode.swift; path = APIJSONTestUITests.swift; sourceTree = "<group>"; };
		655C4C801FCDCACA00EE5EF8 /* Info.plist */ = {isa = PBXFileReference; lastKnownFileType = text.plist.xml; path = Info.plist; sourceTree = "<group>"; };
/* End PBXFileReference section */

/* Begin PBXFrameworksBuildPhase section */
		655C4C581FCDCACA00EE5EF8 /* Frameworks */ = {
			isa = PBXFrameworksBuildPhase;
			buildActionMask = 2147483647;
			files = (
			);
			runOnlyForDeploymentPostprocessing = 0;
		};
		655C4C6C1FCDCACA00EE5EF8 /* Frameworks */ = {
			isa = PBXFrameworksBuildPhase;
			buildActionMask = 2147483647;
			files = (
			);
			runOnlyForDeploymentPostprocessing = 0;
		};
		655C4C771FCDCACA00EE5EF8 /* Frameworks */ = {
			isa = PBXFrameworksBuildPhase;
			buildActionMask = 2147483647;
			files = (
			);
			runOnlyForDeploymentPostprocessing = 0;
		};
/* End PBXFrameworksBuildPhase section */

/* Begin PBXGroup section */
		655C4C521FCDCACA00EE5EF8 = {
			isa = PBXGroup;
			children = (
				655C4C5D1FCDCACA00EE5EF8 /* APIJSONTest */,
				655C4C721FCDCACA00EE5EF8 /* APIJSONTestTests */,
				655C4C7D1FCDCACA00EE5EF8 /* APIJSONTestUITests */,
				655C4C5C1FCDCACA00EE5EF8 /* Products */,
			);
			sourceTree = "<group>";
		};
		655C4C5C1FCDCACA00EE5EF8 /* Products */ = {
			isa = PBXGroup;
			children = (
				655C4C5B1FCDCACA00EE5EF8 /* APIJSONTest.app */,
				655C4C6F1FCDCACA00EE5EF8 /* APIJSONTestTests.xctest */,
				655C4C7A1FCDCACA00EE5EF8 /* APIJSONTestUITests.xctest */,
			);
			name = Products;
			sourceTree = "<group>";
		};
		655C4C5D1FCDCACA00EE5EF8 /* APIJSONTest */ = {
			isa = PBXGroup;
			children = (
				655C4C5E1FCDCACA00EE5EF8 /* AppDelegate.swift */,
				655C4C601FCDCACA00EE5EF8 /* ViewController.swift */,
				655C4C621FCDCACA00EE5EF8 /* Main.storyboard */,
				655C4C651FCDCACA00EE5EF8 /* Assets.xcassets */,
				655C4C671FCDCACA00EE5EF8 /* LaunchScreen.storyboard */,
				655C4C6A1FCDCACA00EE5EF8 /* Info.plist */,
			);
			path = APIJSONTest;
			sourceTree = "<group>";
		};
		655C4C721FCDCACA00EE5EF8 /* APIJSONTestTests */ = {
			isa = PBXGroup;
			children = (
				655C4C731FCDCACA00EE5EF8 /* APIJSONTestTests.swift */,
				655C4C751FCDCACA00EE5EF8 /* Info.plist */,
			);
			path = APIJSONTestTests;
			sourceTree = "<group>";
		};
		655C4C7D1FCDCACA00EE5EF8 /* APIJSONTestUITests */ = {
			isa = PBXGroup;
			children = (
				655C4C7E1FCDCACA00EE5EF8 /* APIJSONTestUITests.swift */,
				655C4C801FCDCACA00EE5EF8 /* Info.plist */,
			);
			path = APIJSONTestUITests;
			sourceTree = "<group>";
		};
/* End PBXGroup section */

/* Begin PBXNativeTarget section */
		655C4C5A1FCDCACA00EE5EF8 /* APIJSONTest */ = {
			isa = PBXNativeTarget;
			buildConfigurationList = 655C4C831FCDCACA00EE5EF8 /* Build configuration list for PBXNativeTarget "APIJSONTest" */;
			buildPhases = (
				655C4C571FCDCACA00EE5EF8 /* Sources */,
				655C4C581FCDCACA00EE5EF8 /* Frameworks */,
				655C4C591FCDCACA00EE5EF8 /* Resources */,
			);
			buildRules = (
			);
			dependencies = (
			);
			name = APIJSONTest;
			productName = APIJSONTest;
			productReference = 655C4C5B1FCDCACA00EE5EF8 /* APIJSONTest.app */;
			productType = "com.apple.product-type.application";
		};
		655C4C6E1FCDCACA00EE5EF8 /* APIJSONTestTests */ = {
			isa = PBXNativeTarget;
			buildConfigurationList = 655C4C861FCDCACA00EE5EF8 /* Build configuration list for PBXNativeTarget "APIJSONTestTests" */;
			buildPhases = (
				655C4C6B1FCDCACA00EE5EF8 /* Sources */,
				655C4C6C1FCDCACA00EE5EF8 /* Frameworks */,
				655C4C6D1FCDCACA00EE5EF8 /* Resources */,
			);
			buildRules = (
			);
			dependencies = (
				655C4C711FCDCACA00EE5EF8 /* PBXTargetDependency */,
			);
			name = APIJSONTestTests;
			productName = APIJSONTestTests;
			productReference = 655C4C6F1FCDCACA00EE5EF8 /* APIJSONTestTests.xctest */;
			productType = "com.apple.product-type.bundle.unit-test";
		};
		655C4C791FCDCACA00EE5EF8 /* APIJSONTestUITests */ = {
			isa = PBXNativeTarget;
			buildConfigurationList = 655C4C891FCDCACA00EE5EF8 /* Build configuration list for PBXNativeTarget "APIJSONTestUITests" */;
			buildPhases = (
				655C4C761FCDCACA00EE5EF8 /* Sources */,
				655C4C771FCDCACA00EE5EF8 /* Frameworks */,
				655C4C781FCDCACA00EE5EF8 /* Resources */,
			);
			buildRules = (
			);
			dependencies = (
				655C4C7C1FCDCACA00EE5EF8 /* PBXTargetDependency */,
			);
			name = APIJSONTestUITests;
			productName = APIJSONTestUITests;
			productReference = 655C4C7A1FCDCACA00EE5EF8 /* APIJSONTestUITests.xctest */;
			productType = "com.apple.product-type.bundle.ui-testing";
		};
/* End PBXNativeTarget section */

/* Begin PBXProject section */
		655C4C531FCDCACA00EE5EF8 /* Project object */ = {
			isa = PBXProject;
			attributes = {
				LastSwiftUpdateCheck = 0730;
				LastUpgradeCheck = 0730;
				ORGANIZATIONNAME = APIJSON;
				TargetAttributes = {
					655C4C5A1FCDCACA00EE5EF8 = {
						CreatedOnToolsVersion = 7.3.1;
					};
					655C4C6E1FCDCACA00EE5EF8 = {
						CreatedOnToolsVersion = 7.3.1;
						TestTargetID = 655C4C5A1FCDCACA00EE5EF8;
					};
					655C4C791FCDCACA00EE5EF8 = {
						CreatedOnToolsVersion = 7.3.1;
						TestTargetID = 655C4C5A1FCDCACA00EE5EF8;
					};
				};
			};
			buildConfigurationList = 655C4C561FCDCACA00EE5EF8 /* Build configuration list for PBXProject "APIJSONTest" */;
			compatibilityVersion = "Xcode 3.2";
			developmentRegion = English;
			hasScannedForEncodings = 0;
			knownRegions = (
				en,
				Base,
			);
			mainGroup = 655C4C521FCDCACA00EE5EF8;
			productRefGroup = 655C4C5C1FCDCACA00EE5EF8 /* Products */;
			projectDirPath = "";
			projectRoot = "";
			targets = (
				655C4C5A1FCDCACA00EE5EF8 /* APIJSONTest */,
				655C4C6E1FCDCACA00EE5EF8 /* APIJSONTestTests */,
				655C4C791FCDCACA00EE5EF8 /* APIJSONTestUITests */,
			);
		};
/* End PBXProject section */

/* Begin PBXResourcesBuildPhase section */
		655C4C591FCDCACA00EE5EF8 /* Resources */ = {
			isa = PBXResourcesBuildPhase;
			buildActionMask = 2147483647;
			files = (
				655C4C691FCDCACA00EE5EF8 /* LaunchScreen.storyboard in Resources */,
				655C4C661FCDCACA00EE5EF8 /* Assets.xcassets in Resources */,
				655C4C641FCDCACA00EE5EF8 /* Main.storyboard in Resources */,
			);
			runOnlyForDeploymentPostprocessing = 0;
		};
		655C4C6D1FCDCACA00EE5EF8 /* Resources */ = {
			isa = PBXResourcesBuildPhase;
			buildActionMask = 2147483647;
			files = (
			);
			runOnlyForDeploymentPostprocessing = 0;
		};
		655C4C781FCDCACA00EE5EF8 /* Resources */ = {
			isa = PBXResourcesBuildPhase;
			buildActionMask = 2147483647;
			files = (
			);
			runOnlyForDeploymentPostprocessing = 0;
		};
/* End PBXResourcesBuildPhase section */

/* Begin PBXSourcesBuildPhase section */
		655C4C571FCDCACA00EE5EF8 /* Sources */ = {
			isa = PBXSourcesBuildPhase;
			buildActionMask = 2147483647;
			files = (
				655C4C611FCDCACA00EE5EF8 /* ViewController.swift in Sources */,
				655C4C5F1FCDCACA00EE5EF8 /* AppDelegate.swift in Sources */,
			);
			runOnlyForDeploymentPostprocessing = 0;
		};
		655C4C6B1FCDCACA00EE5EF8 /* Sources */ = {
			isa = PBXSourcesBuildPhase;
			buildActionMask = 2147483647;
			files = (
				655C4C741FCDCACA00EE5EF8 /* APIJSONTestTests.swift in Sources */,
			);
			runOnlyForDeploymentPostprocessing = 0;
		};
		655C4C761FCDCACA00EE5EF8 /* Sources */ = {
			isa = PBXSourcesBuildPhase;
			buildActionMask = 2147483647;
			files = (
				655C4C7F1FCDCACA00EE5EF8 /* APIJSONTestUITests.swift in Sources */,
			);
			runOnlyForDeploymentPostprocessing = 0;
		};
/* End PBXSourcesBuildPhase section */

/* Begin PBXTargetDependency section */
		655C4C711FCDCACA00EE5EF8 /* PBXTargetDependency */ = {
			isa = PBXTargetDependency;
			target = 655C4C5A1FCDCACA00EE5EF8 /* APIJSONTest */;
			targetProxy = 655C4C701FCDCACA00EE5EF8 /* PBXContainerItemProxy */;
		};
		655C4C7C1FCDCACA00EE5EF8 /* PBXTargetDependency */ = {
			isa = PBXTargetDependency;
			target = 655C4C5A1FCDCACA00EE5EF8 /* APIJSONTest */;
			targetProxy = 655C4C7B1FCDCACA00EE5EF8 /* PBXContainerItemProxy */;
		};
/* End PBXTargetDependency section */

/* Begin PBXVariantGroup section */
		655C4C621FCDCACA00EE5EF8 /* Main.storyboard */ = {
			isa = PBXVariantGroup;
			children = (
				655C4C631FCDCACA00EE5EF8 /* Base */,
			);
			name = Main.storyboard;
			sourceTree = "<group>";
		};
		655C4C671FCDCACA00EE5EF8 /* LaunchScreen.storyboard */ = {
			isa = PBXVariantGroup;
			children = (
				655C4C681FCDCACA00EE5EF8 /* Base */,
			);
			name = LaunchScreen.storyboard;
			sourceTree = "<group>";
		};
/* End PBXVariantGroup section */

/* Begin XCBuildConfiguration section */
		655C4C811FCDCACA00EE5EF8 /* Debug */ = {
			isa = XCBuildConfiguration;
			buildSettings = {
				ALWAYS_SEARCH_USER_PATHS = NO;
				CLANG_ANALYZER_NONNULL = YES;
				CLANG_CXX_LANGUAGE_STANDARD = "gnu++0x";
				CLANG_CXX_LIBRARY = "libc++";
				CLANG_ENABLE_MODULES = YES;
				CLANG_ENABLE_OBJC_ARC = YES;
				CLANG_WARN_BOOL_CONVERSION = YES;
				CLANG_WARN_CONSTANT_CONVERSION = YES;
				CLANG_WARN_DIRECT_OBJC_ISA_USAGE = YES_ERROR;
				CLANG_WARN_EMPTY_BODY = YES;
				CLANG_WARN_ENUM_CONVERSION = YES;
				CLANG_WARN_INT_CONVERSION = YES;
				CLANG_WARN_OBJC_ROOT_CLASS = YES_ERROR;
				CLANG_WARN_UNREACHABLE_CODE = YES;
				CLANG_WARN__DUPLICATE_METHOD_MATCH = YES;
				"CODE_SIGN_IDENTITY[sdk=iphoneos*]" = "iPhone Developer";
				COPY_PHASE_STRIP = NO;
				DEBUG_INFORMATION_FORMAT = dwarf;
				ENABLE_STRICT_OBJC_MSGSEND = YES;
				ENABLE_TESTABILITY = YES;
				GCC_C_LANGUAGE_STANDARD = gnu99;
				GCC_DYNAMIC_NO_PIC = NO;
				GCC_NO_COMMON_BLOCKS = YES;
				GCC_OPTIMIZATION_LEVEL = 0;
				GCC_PREPROCESSOR_DEFINITIONS = (
					"DEBUG=1",
					"$(inherited)",
				);
				GCC_WARN_64_TO_32_BIT_CONVERSION = YES;
				GCC_WARN_ABOUT_RETURN_TYPE = YES_ERROR;
				GCC_WARN_UNDECLARED_SELECTOR = YES;
				GCC_WARN_UNINITIALIZED_AUTOS = YES_AGGRESSIVE;
				GCC_WARN_UNUSED_FUNCTION = YES;
				GCC_WARN_UNUSED_VARIABLE = YES;
				IPHONEOS_DEPLOYMENT_TARGET = 9.3;
				MTL_ENABLE_DEBUG_INFO = YES;
				ONLY_ACTIVE_ARCH = YES;
				SDKROOT = iphoneos;
				SWIFT_OPTIMIZATION_LEVEL = "-Onone";
			};
			name = Debug;
		};
		655C4C821FCDCACA00EE5EF8 /* Release */ = {
			isa = XCBuildConfiguration;
			buildSettings = {
				ALWAYS_SEARCH_USER_PATHS = NO;
				CLANG_ANALYZER_NONNULL = YES;
				CLANG_CXX_LANGUAGE_STANDARD = "gnu++0x";
				CLANG_CXX_LIBRARY = "libc++";
				CLANG_ENABLE_MODULES = YES;
				CLANG_ENABLE_OBJC_ARC = YES;
				CLANG_WARN_BOOL_CONVERSION = YES;
				CLANG_WARN_CONSTANT_CONVERSION = YES;
				CLANG_WARN_DIRECT_OBJC_ISA_USAGE = YES_ERROR;
				CLANG_WARN_EMPTY_BODY = YES;
				CLANG_WARN_ENUM_CONVERSION = YES;
				CLANG_WARN_INT_CONVERSION = YES;
				CLANG_WARN_OBJC_ROOT_CLASS = YES_ERROR;
				CLANG_WARN_UNREACHABLE_CODE = YES;
				CLANG_WARN__DUPLICATE_METHOD_MATCH = YES;
				"CODE_SIGN_IDENTITY[sdk=iphoneos*]" = "iPhone Developer";
				COPY_PHASE_STRIP = NO;
				DEBUG_INFORMATION_FORMAT = "dwarf-with-dsym";
				ENABLE_NS_ASSERTIONS = NO;
				ENABLE_STRICT_OBJC_MSGSEND = YES;
				GCC_C_LANGUAGE_STANDARD = gnu99;
				GCC_NO_COMMON_BLOCKS = YES;
				GCC_WARN_64_TO_32_BIT_CONVERSION = YES;
				GCC_WARN_ABOUT_RETURN_TYPE = YES_ERROR;
				GCC_WARN_UNDECLARED_SELECTOR = YES;
				GCC_WARN_UNINITIALIZED_AUTOS = YES_AGGRESSIVE;
				GCC_WARN_UNUSED_FUNCTION = YES;
				GCC_WARN_UNUSED_VARIABLE = YES;
				IPHONEOS_DEPLOYMENT_TARGET = 9.3;
				MTL_ENABLE_DEBUG_INFO = NO;
				SDKROOT = iphoneos;
				VALIDATE_PRODUCT = YES;
			};
			name = Release;
		};
		655C4C841FCDCACA00EE5EF8 /* Debug */ = {
			isa = XCBuildConfiguration;
			buildSettings = {
				ASSETCATALOG_COMPILER_APPICON_NAME = AppIcon;
				INFOPLIST_FILE = APIJSONTest/Info.plist;
				LD_RUNPATH_SEARCH_PATHS = "$(inherited) @executable_path/Frameworks";
				PRODUCT_BUNDLE_IDENTIFIER = org.apijson.APIJSONTest;
				PRODUCT_NAME = "$(TARGET_NAME)";
			};
			name = Debug;
		};
		655C4C851FCDCACA00EE5EF8 /* Release */ = {
			isa = XCBuildConfiguration;
			buildSettings = {
				ASSETCATALOG_COMPILER_APPICON_NAME = AppIcon;
				INFOPLIST_FILE = APIJSONTest/Info.plist;
				LD_RUNPATH_SEARCH_PATHS = "$(inherited) @executable_path/Frameworks";
				PRODUCT_BUNDLE_IDENTIFIER = org.apijson.APIJSONTest;
				PRODUCT_NAME = "$(TARGET_NAME)";
			};
			name = Release;
		};
		655C4C871FCDCACA00EE5EF8 /* Debug */ = {
			isa = XCBuildConfiguration;
			buildSettings = {
				BUNDLE_LOADER = "$(TEST_HOST)";
				INFOPLIST_FILE = APIJSONTestTests/Info.plist;
				LD_RUNPATH_SEARCH_PATHS = "$(inherited) @executable_path/Frameworks @loader_path/Frameworks";
				PRODUCT_BUNDLE_IDENTIFIER = org.apijson.APIJSONTestTests;
				PRODUCT_NAME = "$(TARGET_NAME)";
				TEST_HOST = "$(BUILT_PRODUCTS_DIR)/APIJSONTest.app/APIJSONTest";
			};
			name = Debug;
		};
		655C4C881FCDCACA00EE5EF8 /* Release */ = {
			isa = XCBuildConfiguration;
			buildSettings = {
				BUNDLE_LOADER = "$(TEST_HOST)";
				INFOPLIST_FILE = APIJSONTestTests/Info.plist;
				LD_RUNPATH_SEARCH_PATHS = "$(inherited) @executable_path/Frameworks @loader_path/Frameworks";
				PRODUCT_BUNDLE_IDENTIFIER = org.apijson.APIJSONTestTests;
				PRODUCT_NAME = "$(TARGET_NAME)";
				TEST_HOST = "$(BUILT_PRODUCTS_DIR)/APIJSONTest.app/APIJSONTest";
			};
			name = Release;
		};
		655C4C8A1FCDCACA00EE5EF8 /* Debug */ = {
			isa = XCBuildConfiguration;
			buildSettings = {
				INFOPLIST_FILE = APIJSONTestUITests/Info.plist;
				LD_RUNPATH_SEARCH_PATHS = "$(inherited) @executable_path/Frameworks @loader_path/Frameworks";
				PRODUCT_BUNDLE_IDENTIFIER = org.apijson.APIJSONTestUITests;
				PRODUCT_NAME = "$(TARGET_NAME)";
				TEST_TARGET_NAME = APIJSONTest;
			};
			name = Debug;
		};
		655C4C8B1FCDCACA00EE5EF8 /* Release */ = {
			isa = XCBuildConfiguration;
			buildSettings = {
				INFOPLIST_FILE = APIJSONTestUITests/Info.plist;
				LD_RUNPATH_SEARCH_PATHS = "$(inherited) @executable_path/Frameworks @loader_path/Frameworks";
				PRODUCT_BUNDLE_IDENTIFIER = org.apijson.APIJSONTestUITests;
				PRODUCT_NAME = "$(TARGET_NAME)";
				TEST_TARGET_NAME = APIJSONTest;
			};
			name = Release;
		};
/* End XCBuildConfiguration section */

/* Begin XCConfigurationList section */
		655C4C561FCDCACA00EE5EF8 /* Build configuration list for PBXProject "APIJSONTest" */ = {
			isa = XCConfigurationList;
			buildConfigurations = (
				655C4C811FCDCACA00EE5EF8 /* Debug */,
				655C4C821FCDCACA00EE5EF8 /* Release */,
			);
			defaultConfigurationIsVisible = 0;
			defaultConfigurationName = Release;
		};
		655C4C831FCDCACA00EE5EF8 /* Build configuration list for PBXNativeTarget "APIJSONTest" */ = {
			isa = XCConfigurationList;
			buildConfigurations = (
				655C4C841FCDCACA00EE5EF8 /* Debug */,
				655C4C851FCDCACA00EE5EF8 /* Release */,
			);
			defaultConfigurationIsVisible = 0;
		};
		655C4C861FCDCACA00EE5EF8 /* Build configuration list for PBXNativeTarget "APIJSONTestTests" */ = {
			isa = XCConfigurationList;
			buildConfigurations = (
				655C4C871FCDCACA00EE5EF8 /* Debug */,
				655C4C881FCDCACA00EE5EF8 /* Release */,
			);
			defaultConfigurationIsVisible = 0;
		};
		655C4C891FCDCACA00EE5EF8 /* Build configuration list for PBXNativeTarget "APIJSONTestUITests" */ = {
			isa = XCConfigurationList;
			buildConfigurations = (
				655C4C8A1FCDCACA00EE5EF8 /* Debug */,
				655C4C8B1FCDCACA00EE5EF8 /* Release */,
			);
			defaultConfigurationIsVisible = 0;
		};
/* End XCConfigurationList section */
	};
	rootObject = 655C4C531FCDCACA00EE5EF8 /* Project object */;
}
